
Microsoft Visual Studio Solution File, Format Version 12.00
# Visual Studio Version 16
VisualStudioVersion = 16.0.30002.166
MinimumVisualStudioVersion = 10.0.40219.1
Project("{FAE04EC0-301F-11D3-BF4B-00C04F79EFBC}") = "Business_Tier", "Business_Tier\Business_Tier.csproj", "{1B004BF6-6D7F-4B22-A7F3-C7624875934A}"
EndProject
Project("{FAE04EC0-301F-11D3-BF4B-00C04F79EFBC}") = "APIClasses", "APIClasses\APIClasses.csproj", "{7954E735-10F4-42E9-B8AA-F362EEE99018}"
EndProject
Global
	GlobalSection(SolutionConfigurationPlatforms) = preSolution
		Debug|Any CPU = Debug|Any CPU
		Release|Any CPU = Release|Any CPU
	EndGlobalSection
	GlobalSection(ProjectConfigurationPlatforms) = postSolution
		{1B004BF6-6D7F-4B22-A7F3-C7624875934A}.Debug|Any CPU.ActiveCfg = Debug|Any CPU
		{1B004BF6-6D7F-4B22-A7F3-C7624875934A}.Debug|Any CPU.Build.0 = Debug|Any CPU
		{1B004BF6-6D7F-4B22-A7F3-C7624875934A}.Release|Any CPU.ActiveCfg = Release|Any CPU
		{1B004BF6-6D7F-4B22-A7F3-C7624875934A}.Release|Any CPU.Build.0 = Release|Any CPU
		{7954E735-10F4-42E9-B8AA-F362EEE99018}.Debug|Any CPU.ActiveCfg = Debug|Any CPU
		{7954E735-10F4-42E9-B8AA-F362EEE99018}.Debug|Any CPU.Build.0 = Debug|Any CPU
		{7954E735-10F4-42E9-B8AA-F362EEE99018}.Release|Any CPU.ActiveCfg = Release|Any CPU
		{7954E735-10F4-42E9-B8AA-F362EEE99018}.Release|Any CPU.Build.0 = Release|Any CPU
	EndGlobalSection
	GlobalSection(SolutionProperties) = preSolution
		HideSolutionNode = FALSE
	EndGlobalSection
	GlobalSection(ExtensibilityGlobals) = postSolution
		SolutionGuid = {8852DA3F-9C33-4FAD-A27D-5E099ADA1ADC}
	EndGlobalSection
EndGlobal
